// !$*UTF8*$!
{
	archiveVersion = 1;
	classes = {
	};
	objectVersion = 55;
	objects = {

/* Begin PBXBuildFile section */
		010A5AA9278E31EB009EDA27 /* RecipeListApp.swift in Sources */ = {isa = PBXBuildFile; fileRef = 010A5AA8278E31EB009EDA27 /* RecipeListApp.swift */; };
		010A5AAB278E31EB009EDA27 /* RecipeListView.swift in Sources */ = {isa = PBXBuildFile; fileRef = 010A5AAA278E31EB009EDA27 /* RecipeListView.swift */; };
		010A5AAD278E31ED009EDA27 /* Assets.xcassets in Resources */ = {isa = PBXBuildFile; fileRef = 010A5AAC278E31ED009EDA27 /* Assets.xcassets */; };
		010A5AB0278E31ED009EDA27 /* Preview Assets.xcassets in Resources */ = {isa = PBXBuildFile; fileRef = 010A5AAF278E31ED009EDA27 /* Preview Assets.xcassets */; };
		010A5ABC278E3373009EDA27 /* recipes.json in Resources */ = {isa = PBXBuildFile; fileRef = 010A5ABB278E3373009EDA27 /* recipes.json */; };
		010A5ABE278E3401009EDA27 /* Recipe.swift in Sources */ = {isa = PBXBuildFile; fileRef = 010A5ABD278E3401009EDA27 /* Recipe.swift */; };
		010A5AC0278E3564009EDA27 /* RecipeModel.swift in Sources */ = {isa = PBXBuildFile; fileRef = 010A5ABF278E3564009EDA27 /* RecipeModel.swift */; };
		010A5AC2278E3767009EDA27 /* DataService.swift in Sources */ = {isa = PBXBuildFile; fileRef = 010A5AC1278E3767009EDA27 /* DataService.swift */; };
		010A5AC42790088F009EDA27 /* RecipeDetailView.swift in Sources */ = {isa = PBXBuildFile; fileRef = 010A5AC32790088F009EDA27 /* RecipeDetailView.swift */; };
		011B1EB3279D678700EFCCD4 /* Rational.swift in Sources */ = {isa = PBXBuildFile; fileRef = 011B1EB2279D678700EFCCD4 /* Rational.swift */; };
		0195C7D82798516D00E3E7E4 /* RecipeTabView.swift in Sources */ = {isa = PBXBuildFile; fileRef = 0195C7D72798516D00E3E7E4 /* RecipeTabView.swift */; };
		01B4237D2799F1010029C2EC /* RecipeFeaturedView.swift in Sources */ = {isa = PBXBuildFile; fileRef = 01B4237C2799F1010029C2EC /* RecipeFeaturedView.swift */; };
/* End PBXBuildFile section */

/* Begin PBXFileReference section */
		010A5AA5278E31EB009EDA27 /* RecipeListApp.app */ = {isa = PBXFileReference; explicitFileType = wrapper.application; includeInIndex = 0; path = RecipeListApp.app; sourceTree = BUILT_PRODUCTS_DIR; };
		010A5AA8278E31EB009EDA27 /* RecipeListApp.swift */ = {isa = PBXFileReference; lastKnownFileType = sourcecode.swift; path = RecipeListApp.swift; sourceTree = "<group>"; };
		010A5AAA278E31EB009EDA27 /* RecipeListView.swift */ = {isa = PBXFileReference; lastKnownFileType = sourcecode.swift; path = RecipeListView.swift; sourceTree = "<group>"; };
		010A5AAC278E31ED009EDA27 /* Assets.xcassets */ = {isa = PBXFileReference; lastKnownFileType = folder.assetcatalog; path = Assets.xcassets; sourceTree = "<group>"; };
		010A5AAF278E31ED009EDA27 /* Preview Assets.xcassets */ = {isa = PBXFileReference; lastKnownFileType = folder.assetcatalog; path = "Preview Assets.xcassets"; sourceTree = "<group>"; };
		010A5ABB278E3373009EDA27 /* recipes.json */ = {isa = PBXFileReference; fileEncoding = 4; lastKnownFileType = text.json; name = recipes.json; path = "../../../../iOS Foundations 2021/Module 2/Lesson 13/RecipeListApp Resources/recipes.json"; sourceTree = "<group>"; };
		010A5ABD278E3401009EDA27 /* Recipe.swift */ = {isa = PBXFileReference; lastKnownFileType = sourcecode.swift; path = Recipe.swift; sourceTree = "<group>"; };
		010A5ABF278E3564009EDA27 /* RecipeModel.swift */ = {isa = PBXFileReference; lastKnownFileType = sourcecode.swift; path = RecipeModel.swift; sourceTree = "<group>"; };
		010A5AC1278E3767009EDA27 /* DataService.swift */ = {isa = PBXFileReference; lastKnownFileType = sourcecode.swift; path = DataService.swift; sourceTree = "<group>"; };
		010A5AC32790088F009EDA27 /* RecipeDetailView.swift */ = {isa = PBXFileReference; lastKnownFileType = sourcecode.swift; path = RecipeDetailView.swift; sourceTree = "<group>"; };
		011B1EB2279D678700EFCCD4 /* Rational.swift */ = {isa = PBXFileReference; fileEncoding = 4; lastKnownFileType = sourcecode.swift; path = Rational.swift; sourceTree = "<group>"; };
		0195C7D72798516D00E3E7E4 /* RecipeTabView.swift */ = {isa = PBXFileReference; lastKnownFileType = sourcecode.swift; path = RecipeTabView.swift; sourceTree = "<group>"; };
		01B4237C2799F1010029C2EC /* RecipeFeaturedView.swift */ = {isa = PBXFileReference; lastKnownFileType = sourcecode.swift; path = RecipeFeaturedView.swift; sourceTree = "<group>"; };
/* End PBXFileReference section */

/* Begin PBXFrameworksBuildPhase section */
		010A5AA2278E31EB009EDA27 /* Frameworks */ = {
			isa = PBXFrameworksBuildPhase;
			buildActionMask = 2147483647;
			files = (
			);
			runOnlyForDeploymentPostprocessing = 0;
		};
/* End PBXFrameworksBuildPhase section */

/* Begin PBXGroup section */
		010A5A9C278E31EB009EDA27 = {
			isa = PBXGroup;
			children = (
				010A5AA7278E31EB009EDA27 /* RecipeListApp */,
				010A5AA6278E31EB009EDA27 /* Products */,
			);
			sourceTree = "<group>";
		};
		010A5AA6278E31EB009EDA27 /* Products */ = {
			isa = PBXGroup;
			children = (
				010A5AA5278E31EB009EDA27 /* RecipeListApp.app */,
			);
			name = Products;
			sourceTree = "<group>";
		};
		010A5AA7278E31EB009EDA27 /* RecipeListApp */ = {
			isa = PBXGroup;
			children = (
				010A5AA8278E31EB009EDA27 /* RecipeListApp.swift */,
				010A5AB6278E3270009EDA27 /* Views */,
				010A5AB7278E327E009EDA27 /* ViewModels */,
				010A5AB8278E328B009EDA27 /* Models */,
				010A5ABA278E32A0009EDA27 /* Services */,
				010A5AB9278E3293009EDA27 /* Data */,
				011B1EB1279D673F00EFCCD4 /* Utilities */,
				010A5AAC278E31ED009EDA27 /* Assets.xcassets */,
				010A5AAE278E31ED009EDA27 /* Preview Content */,
			);
			path = RecipeListApp;
			sourceTree = "<group>";
		};
		010A5AAE278E31ED009EDA27 /* Preview Content */ = {
			isa = PBXGroup;
			children = (
				010A5AAF278E31ED009EDA27 /* Preview Assets.xcassets */,
			);
			path = "Preview Content";
			sourceTree = "<group>";
		};
		010A5AB6278E3270009EDA27 /* Views */ = {
			isa = PBXGroup;
			children = (
				0195C7D72798516D00E3E7E4 /* RecipeTabView.swift */,
				01B4237C2799F1010029C2EC /* RecipeFeaturedView.swift */,
				010A5AAA278E31EB009EDA27 /* RecipeListView.swift */,
				010A5AC32790088F009EDA27 /* RecipeDetailView.swift */,
			);
			path = Views;
			sourceTree = "<group>";
		};
		010A5AB7278E327E009EDA27 /* ViewModels */ = {
			isa = PBXGroup;
			children = (
				010A5ABF278E3564009EDA27 /* RecipeModel.swift */,
			);
			path = ViewModels;
			sourceTree = "<group>";
		};
		010A5AB8278E328B009EDA27 /* Models */ = {
			isa = PBXGroup;
			children = (
				010A5ABD278E3401009EDA27 /* Recipe.swift */,
			);
			path = Models;
			sourceTree = "<group>";
		};
		010A5AB9278E3293009EDA27 /* Data */ = {
			isa = PBXGroup;
			children = (
				010A5ABB278E3373009EDA27 /* recipes.json */,
			);
			path = Data;
			sourceTree = "<group>";
		};
		010A5ABA278E32A0009EDA27 /* Services */ = {
			isa = PBXGroup;
			children = (
				010A5AC1278E3767009EDA27 /* DataService.swift */,
			);
			path = Services;
			sourceTree = "<group>";
		};
		011B1EB1279D673F00EFCCD4 /* Utilities */ = {
			isa = PBXGroup;
			children = (
				011B1EB2279D678700EFCCD4 /* Rational.swift */,
			);
			path = Utilities;
			sourceTree = "<group>";
		};
/* End PBXGroup section */

/* Begin PBXNativeTarget section */
		010A5AA4278E31EB009EDA27 /* RecipeListApp */ = {
			isa = PBXNativeTarget;
			buildConfigurationList = 010A5AB3278E31ED009EDA27 /* Build configuration list for PBXNativeTarget "RecipeListApp" */;
			buildPhases = (
				010A5AA1278E31EB009EDA27 /* Sources */,
				010A5AA2278E31EB009EDA27 /* Frameworks */,
				010A5AA3278E31EB009EDA27 /* Resources */,
			);
			buildRules = (
			);
			dependencies = (
			);
			name = RecipeListApp;
			productName = RecipeListApp;
			productReference = 010A5AA5278E31EB009EDA27 /* RecipeListApp.app */;
			productType = "com.apple.product-type.application";
		};
/* End PBXNativeTarget section */

/* Begin PBXProject section */
		010A5A9D278E31EB009EDA27 /* Project object */ = {
			isa = PBXProject;
			attributes = {
				BuildIndependentTargetsInParallel = 1;
				LastSwiftUpdateCheck = 1310;
				LastUpgradeCheck = 1310;
				TargetAttributes = {
					010A5AA4278E31EB009EDA27 = {
						CreatedOnToolsVersion = 13.1;
					};
				};
			};
			buildConfigurationList = 010A5AA0278E31EB009EDA27 /* Build configuration list for PBXProject "RecipeListApp" */;
			compatibilityVersion = "Xcode 13.0";
			developmentRegion = en;
			hasScannedForEncodings = 0;
			knownRegions = (
				en,
				Base,
			);
			mainGroup = 010A5A9C278E31EB009EDA27;
			productRefGroup = 010A5AA6278E31EB009EDA27 /* Products */;
			projectDirPath = "";
			projectRoot = "";
			targets = (
				010A5AA4278E31EB009EDA27 /* RecipeListApp */,
			);
		};
/* End PBXProject section */

/* Begin PBXResourcesBuildPhase section */
		010A5AA3278E31EB009EDA27 /* Resources */ = {
			isa = PBXResourcesBuildPhase;
			buildActionMask = 2147483647;
			files = (
				010A5AB0278E31ED009EDA27 /* Preview Assets.xcassets in Resources */,
				010A5ABC278E3373009EDA27 /* recipes.json in Resources */,
				010A5AAD278E31ED009EDA27 /* Assets.xcassets in Resources */,
			);
			runOnlyForDeploymentPostprocessing = 0;
		};
/* End PBXResourcesBuildPhase section */

/* Begin PBXSourcesBuildPhase section */
		010A5AA1278E31EB009EDA27 /* Sources */ = {
			isa = PBXSourcesBuildPhase;
			buildActionMask = 2147483647;
			files = (
				010A5ABE278E3401009EDA27 /* Recipe.swift in Sources */,
				010A5AC42790088F009EDA27 /* RecipeDetailView.swift in Sources */,
				011B1EB3279D678700EFCCD4 /* Rational.swift in Sources */,
				010A5AC0278E3564009EDA27 /* RecipeModel.swift in Sources */,
				010A5AAB278E31EB009EDA27 /* RecipeListView.swift in Sources */,
				010A5AA9278E31EB009EDA27 /* RecipeListApp.swift in Sources */,
				010A5AC2278E3767009EDA27 /* DataService.swift in Sources */,
				01B4237D2799F1010029C2EC /* RecipeFeaturedView.swift in Sources */,
				0195C7D82798516D00E3E7E4 /* RecipeTabView.swift in Sources */,
			);
			runOnlyForDeploymentPostprocessing = 0;
		};
/* End PBXSourcesBuildPhase section */

/* Begin XCBuildConfiguration section */
		010A5AB1278E31ED009EDA27 /* Debug */ = {
			isa = XCBuildConfiguration;
			buildSettings = {
				ALWAYS_SEARCH_USER_PATHS = NO;
				CLANG_ANALYZER_NONNULL = YES;
				CLANG_ANALYZER_NUMBER_OBJECT_CONVERSION = YES_AGGRESSIVE;
				CLANG_CXX_LANGUAGE_STANDARD = "gnu++17";
				CLANG_CXX_LIBRARY = "libc++";
				CLANG_ENABLE_MODULES = YES;
				CLANG_ENABLE_OBJC_ARC = YES;
				CLANG_ENABLE_OBJC_WEAK = YES;
				CLANG_WARN_BLOCK_CAPTURE_AUTORELEASING = YES;
				CLANG_WARN_BOOL_CONVERSION = YES;
				CLANG_WARN_COMMA = YES;
				CLANG_WARN_CONSTANT_CONVERSION = YES;
				CLANG_WARN_DEPRECATED_OBJC_IMPLEMENTATIONS = YES;
				CLANG_WARN_DIRECT_OBJC_ISA_USAGE = YES_ERROR;
				CLANG_WARN_DOCUMENTATION_COMMENTS = YES;
				CLANG_WARN_EMPTY_BODY = YES;
				CLANG_WARN_ENUM_CONVERSION = YES;
				CLANG_WARN_INFINITE_RECURSION = YES;
				CLANG_WARN_INT_CONVERSION = YES;
				CLANG_WARN_NON_LITERAL_NULL_CONVERSION = YES;
				CLANG_WARN_OBJC_IMPLICIT_RETAIN_SELF = YES;
				CLANG_WARN_OBJC_LITERAL_CONVERSION = YES;
				CLANG_WARN_OBJC_ROOT_CLASS = YES_ERROR;
				CLANG_WARN_QUOTED_INCLUDE_IN_FRAMEWORK_HEADER = YES;
				CLANG_WARN_RANGE_LOOP_ANALYSIS = YES;
				CLANG_WARN_STRICT_PROTOTYPES = YES;
				CLANG_WARN_SUSPICIOUS_MOVE = YES;
				CLANG_WARN_UNGUARDED_AVAILABILITY = YES_AGGRESSIVE;
				CLANG_WARN_UNREACHABLE_CODE = YES;
				CLANG_WARN__DUPLICATE_METHOD_MATCH = YES;
				COPY_PHASE_STRIP = NO;
				DEBUG_INFORMATION_FORMAT = dwarf;
				ENABLE_STRICT_OBJC_MSGSEND = YES;
				ENABLE_TESTABILITY = YES;
				GCC_C_LANGUAGE_STANDARD = gnu11;
				GCC_DYNAMIC_NO_PIC = NO;
				GCC_NO_COMMON_BLOCKS = YES;
				GCC_OPTIMIZATION_LEVEL = 0;
				GCC_PREPROCESSOR_DEFINITIONS = (
					"DEBUG=1",
					"$(inherited)",
				);
				GCC_WARN_64_TO_32_BIT_CONVERSION = YES;
				GCC_WARN_ABOUT_RETURN_TYPE = YES_ERROR;
				GCC_WARN_UNDECLARED_SELECTOR = YES;
				GCC_WARN_UNINITIALIZED_AUTOS = YES_AGGRESSIVE;
				GCC_WARN_UNUSED_FUNCTION = YES;
				GCC_WARN_UNUSED_VARIABLE = YES;
				IPHONEOS_DEPLOYMENT_TARGET = 15.0;
				MTL_ENABLE_DEBUG_INFO = INCLUDE_SOURCE;
				MTL_FAST_MATH = YES;
				ONLY_ACTIVE_ARCH = YES;
				SDKROOT = iphoneos;
				SWIFT_ACTIVE_COMPILATION_CONDITIONS = DEBUG;
				SWIFT_OPTIMIZATION_LEVEL = "-Onone";
			};
			name = Debug;
		};
		010A5AB2278E31ED009EDA27 /* Release */ = {
			isa = XCBuildConfiguration;
			buildSettings = {
				ALWAYS_SEARCH_USER_PATHS = NO;
				CLANG_ANALYZER_NONNULL = YES;
				CLANG_ANALYZER_NUMBER_OBJECT_CONVERSION = YES_AGGRESSIVE;
				CLANG_CXX_LANGUAGE_STANDARD = "gnu++17";
				CLANG_CXX_LIBRARY = "libc++";
				CLANG_ENABLE_MODULES = YES;
				CLANG_ENABLE_OBJC_ARC = YES;
				CLANG_ENABLE_OBJC_WEAK = YES;
				CLANG_WARN_BLOCK_CAPTURE_AUTORELEASING = YES;
				CLANG_WARN_BOOL_CONVERSION = YES;
				CLANG_WARN_COMMA = YES;
				CLANG_WARN_CONSTANT_CONVERSION = YES;
				CLANG_WARN_DEPRECATED_OBJC_IMPLEMENTATIONS = YES;
				CLANG_WARN_DIRECT_OBJC_ISA_USAGE = YES_ERROR;
				CLANG_WARN_DOCUMENTATION_COMMENTS = YES;
				CLANG_WARN_EMPTY_BODY = YES;
				CLANG_WARN_ENUM_CONVERSION = YES;
				CLANG_WARN_INFINITE_RECURSION = YES;
				CLANG_WARN_INT_CONVERSION = YES;
				CLANG_WARN_NON_LITERAL_NULL_CONVERSION = YES;
				CLANG_WARN_OBJC_IMPLICIT_RETAIN_SELF = YES;
				CLANG_WARN_OBJC_LITERAL_CONVERSION = YES;
				CLANG_WARN_OBJC_ROOT_CLASS = YES_ERROR;
				CLANG_WARN_QUOTED_INCLUDE_IN_FRAMEWORK_HEADER = YES;
				CLANG_WARN_RANGE_LOOP_ANALYSIS = YES;
				CLANG_WARN_STRICT_PROTOTYPES = YES;
				CLANG_WARN_SUSPICIOUS_MOVE = YES;
				CLANG_WARN_UNGUARDED_AVAILABILITY = YES_AGGRESSIVE;
				CLANG_WARN_UNREACHABLE_CODE = YES;
				CLANG_WARN__DUPLICATE_METHOD_MATCH = YES;
				COPY_PHASE_STRIP = NO;
				DEBUG_INFORMATION_FORMAT = "dwarf-with-dsym";
				ENABLE_NS_ASSERTIONS = NO;
				ENABLE_STRICT_OBJC_MSGSEND = YES;
				GCC_C_LANGUAGE_STANDARD = gnu11;
				GCC_NO_COMMON_BLOCKS = YES;
				GCC_WARN_64_TO_32_BIT_CONVERSION = YES;
				GCC_WARN_ABOUT_RETURN_TYPE = YES_ERROR;
				GCC_WARN_UNDECLARED_SELECTOR = YES;
				GCC_WARN_UNINITIALIZED_AUTOS = YES_AGGRESSIVE;
				GCC_WARN_UNUSED_FUNCTION = YES;
				GCC_WARN_UNUSED_VARIABLE = YES;
				IPHONEOS_DEPLOYMENT_TARGET = 15.0;
				MTL_ENABLE_DEBUG_INFO = NO;
				MTL_FAST_MATH = YES;
				SDKROOT = iphoneos;
				SWIFT_COMPILATION_MODE = wholemodule;
				SWIFT_OPTIMIZATION_LEVEL = "-O";
				VALIDATE_PRODUCT = YES;
			};
			name = Release;
		};
		010A5AB4278E31ED009EDA27 /* Debug */ = {
			isa = XCBuildConfiguration;
			buildSettings = {
				ASSETCATALOG_COMPILER_APPICON_NAME = AppIcon;
				ASSETCATALOG_COMPILER_GLOBAL_ACCENT_COLOR_NAME = AccentColor;
				CODE_SIGN_STYLE = Automatic;
				CURRENT_PROJECT_VERSION = 1;
				DEVELOPMENT_ASSET_PATHS = "\"RecipeListApp/Preview Content\"";
				DEVELOPMENT_TEAM = GL5QL25H5M;
				ENABLE_PREVIEWS = YES;
				GENERATE_INFOPLIST_FILE = YES;
				INFOPLIST_KEY_UIApplicationSceneManifest_Generation = YES;
				INFOPLIST_KEY_UIApplicationSupportsIndirectInputEvents = YES;
				INFOPLIST_KEY_UILaunchScreen_Generation = YES;
				INFOPLIST_KEY_UISupportedInterfaceOrientations_iPad = "UIInterfaceOrientationPortrait UIInterfaceOrientationPortraitUpsideDown UIInterfaceOrientationLandscapeLeft UIInterfaceOrientationLandscapeRight";
				INFOPLIST_KEY_UISupportedInterfaceOrientations_iPhone = "UIInterfaceOrientationPortrait UIInterfaceOrientationLandscapeLeft UIInterfaceOrientationLandscapeRight";
				LD_RUNPATH_SEARCH_PATHS = (
					"$(inherited)",
					"@executable_path/Frameworks",
				);
				MARKETING_VERSION = 1.0;
				PRODUCT_BUNDLE_IDENTIFIER = com.dashanddata.RecipeListApp;
				PRODUCT_NAME = "$(TARGET_NAME)";
				SWIFT_EMIT_LOC_STRINGS = YES;
				SWIFT_VERSION = 5.0;
				TARGETED_DEVICE_FAMILY = "1,2";
			};
			name = Debug;
		};
		010A5AB5278E31ED009EDA27 /* Release */ = {
			isa = XCBuildConfiguration;
			buildSettings = {
				ASSETCATALOG_COMPILER_APPICON_NAME = AppIcon;
				ASSETCATALOG_COMPILER_GLOBAL_ACCENT_COLOR_NAME = AccentColor;
				CODE_SIGN_STYLE = Automatic;
				CURRENT_PROJECT_VERSION = 1;
				DEVELOPMENT_ASSET_PATHS = "\"RecipeListApp/Preview Content\"";
				DEVELOPMENT_TEAM = GL5QL25H5M;
				ENABLE_PREVIEWS = YES;
				GENERATE_INFOPLIST_FILE = YES;
				INFOPLIST_KEY_UIApplicationSceneManifest_Generation = YES;
				INFOPLIST_KEY_UIApplicationSupportsIndirectInputEvents = YES;
				INFOPLIST_KEY_UILaunchScreen_Generation = YES;
				INFOPLIST_KEY_UISupportedInterfaceOrientations_iPad = "UIInterfaceOrientationPortrait UIInterfaceOrientationPortraitUpsideDown UIInterfaceOrientationLandscapeLeft UIInterfaceOrientationLandscapeRight";
				INFOPLIST_KEY_UISupportedInterfaceOrientations_iPhone = "UIInterfaceOrientationPortrait UIInterfaceOrientationLandscapeLeft UIInterfaceOrientationLandscapeRight";
				LD_RUNPATH_SEARCH_PATHS = (
					"$(inherited)",
					"@executable_path/Frameworks",
				);
				MARKETING_VERSION = 1.0;
				PRODUCT_BUNDLE_IDENTIFIER = com.dashanddata.RecipeListApp;
				PRODUCT_NAME = "$(TARGET_NAME)";
				SWIFT_EMIT_LOC_STRINGS = YES;
				SWIFT_VERSION = 5.0;
				TARGETED_DEVICE_FAMILY = "1,2";
			};
			name = Release;
		};
/* End XCBuildConfiguration section */

/* Begin XCConfigurationList section */
		010A5AA0278E31EB009EDA27 /* Build configuration list for PBXProject "RecipeListApp" */ = {
			isa = XCConfigurationList;
			buildConfigurations = (
				010A5AB1278E31ED009EDA27 /* Debug */,
				010A5AB2278E31ED009EDA27 /* Release */,
			);
			defaultConfigurationIsVisible = 0;
			defaultConfigurationName = Release;
		};
		010A5AB3278E31ED009EDA27 /* Build configuration list for PBXNativeTarget "RecipeListApp" */ = {
			isa = XCConfigurationList;
			buildConfigurations = (
				010A5AB4278E31ED009EDA27 /* Debug */,
				010A5AB5278E31ED009EDA27 /* Release */,
			);
			defaultConfigurationIsVisible = 0;
			defaultConfigurationName = Release;
		};
/* End XCConfigurationList section */
	};
	rootObject = 010A5A9D278E31EB009EDA27 /* Project object */;
}
